
Microsoft Visual Studio Solution File, Format Version 12.00
# Visual Studio Version 17
VisualStudioVersion = 17.8.34330.188
MinimumVisualStudioVersion = 10.0.40219.1
Project("{FAE04EC0-301F-11D3-BF4B-00C04F79EFBC}") = "Pizza_Place", "Pizza_Place.csproj", "{C35BF08C-74B5-4AF4-AE91-AFE8847B2E08}"
EndProject
Global
	GlobalSection(SolutionConfigurationPlatforms) = preSolution
		Debug|Any CPU = Debug|Any CPU
		Release|Any CPU = Release|Any CPU
	EndGlobalSection
	GlobalSection(ProjectConfigurationPlatforms) = postSolution
		{C35BF08C-74B5-4AF4-AE91-AFE8847B2E08}.Debug|Any CPU.ActiveCfg = Debug|Any CPU
		{C35BF08C-74B5-4AF4-AE91-AFE8847B2E08}.Debug|Any CPU.Build.0 = Debug|Any CPU
		{C35BF08C-74B5-4AF4-AE91-AFE8847B2E08}.Release|Any CPU.ActiveCfg = Release|Any CPU
		{C35BF08C-74B5-4AF4-AE91-AFE8847B2E08}.Release|Any CPU.Build.0 = Release|Any CPU
	EndGlobalSection
	GlobalSection(SolutionProperties) = preSolution
		HideSolutionNode = FALSE
	EndGlobalSection
	GlobalSection(ExtensibilityGlobals) = postSolution
		SolutionGuid = {D612711C-D2A3-4208-A5D4-5267F8F9FBE7}
	EndGlobalSection
EndGlobal
